
Microsoft Visual Studio Solution File, Format Version 12.00
# Visual Studio 15
VisualStudioVersion = 15.0.25914.0
MinimumVisualStudioVersion = 10.0.40219.1
Project("{9A19103F-16F7-4668-BE54-9A1E7A4F7556}") = "OElite.Restme.Dapper", "src\OElite.Restme.Dapper\OElite.Restme.Dapper.csproj", "{4BF92489-E456-4030-82AF-D137711F811A}"
EndProject
Project("{9A19103F-16F7-4668-BE54-9A1E7A4F7556}") = "OElite.Restme.Dapper.Common", "src\OElite.Restme.Dapper.Common\OElite.Restme.Dapper.Common.csproj", "{52CF6E7E-2488-4505-911F-2D80E89D50C0}"
EndProject
Global
	GlobalSection(SolutionConfigurationPlatforms) = preSolution
		Debug|Any CPU = Debug|Any CPU
		Debug|x64 = Debug|x64
		Debug|x86 = Debug|x86
		Release|Any CPU = Release|Any CPU
		Release|x64 = Release|x64
		Release|x86 = Release|x86
	EndGlobalSection
	GlobalSection(ProjectConfigurationPlatforms) = postSolution
		{4BF92489-E456-4030-82AF-D137711F811A}.Debug|Any CPU.ActiveCfg = Debug|Any CPU
		{4BF92489-E456-4030-82AF-D137711F811A}.Debug|Any CPU.Build.0 = Debug|Any CPU
		{4BF92489-E456-4030-82AF-D137711F811A}.Debug|x64.ActiveCfg = Debug|Any CPU
		{4BF92489-E456-4030-82AF-D137711F811A}.Debug|x64.Build.0 = Debug|Any CPU
		{4BF92489-E456-4030-82AF-D137711F811A}.Debug|x86.ActiveCfg = Debug|Any CPU
		{4BF92489-E456-4030-82AF-D137711F811A}.Debug|x86.Build.0 = Debug|Any CPU
		{4BF92489-E456-4030-82AF-D137711F811A}.Release|Any CPU.ActiveCfg = Debug|Any CPU
		{4BF92489-E456-4030-82AF-D137711F811A}.Release|Any CPU.Build.0 = Debug|Any CPU
		{4BF92489-E456-4030-82AF-D137711F811A}.Release|x64.ActiveCfg = Debug|Any CPU
		{4BF92489-E456-4030-82AF-D137711F811A}.Release|x64.Build.0 = Debug|Any CPU
		{4BF92489-E456-4030-82AF-D137711F811A}.Release|x86.ActiveCfg = Debug|Any CPU
		{4BF92489-E456-4030-82AF-D137711F811A}.Release|x86.Build.0 = Debug|Any CPU
		{52CF6E7E-2488-4505-911F-2D80E89D50C0}.Debug|Any CPU.ActiveCfg = Debug|Any CPU
		{52CF6E7E-2488-4505-911F-2D80E89D50C0}.Debug|Any CPU.Build.0 = Debug|Any CPU
		{52CF6E7E-2488-4505-911F-2D80E89D50C0}.Debug|x64.ActiveCfg = Debug|Any CPU
		{52CF6E7E-2488-4505-911F-2D80E89D50C0}.Debug|x64.Build.0 = Debug|Any CPU
		{52CF6E7E-2488-4505-911F-2D80E89D50C0}.Debug|x86.ActiveCfg = Debug|Any CPU
		{52CF6E7E-2488-4505-911F-2D80E89D50C0}.Debug|x86.Build.0 = Debug|Any CPU
		{52CF6E7E-2488-4505-911F-2D80E89D50C0}.Release|Any CPU.ActiveCfg = Debug|Any CPU
		{52CF6E7E-2488-4505-911F-2D80E89D50C0}.Release|Any CPU.Build.0 = Debug|Any CPU
		{52CF6E7E-2488-4505-911F-2D80E89D50C0}.Release|x64.ActiveCfg = Debug|Any CPU
		{52CF6E7E-2488-4505-911F-2D80E89D50C0}.Release|x64.Build.0 = Debug|Any CPU
		{52CF6E7E-2488-4505-911F-2D80E89D50C0}.Release|x86.ActiveCfg = Debug|Any CPU
		{52CF6E7E-2488-4505-911F-2D80E89D50C0}.Release|x86.Build.0 = Debug|Any CPU
	EndGlobalSection
	GlobalSection(SolutionProperties) = preSolution
		HideSolutionNode = FALSE
	EndGlobalSection
EndGlobal
